
Microsoft Visual Studio Solution File, Format Version 12.00
# Visual Studio Version 16
VisualStudioVersion = 16.0.34301.259
MinimumVisualStudioVersion = 10.0.40219.1
Project("{FAE04EC0-301F-11D3-BF4B-00C04F79EFBC}") = "GoogleHomePageWebScraper", "GoogleHomePageWebScraper\GoogleHomePageWebScraper.csproj", "{4313C03F-E7C0-4F6A-A276-88E81A6F2D72}"
EndProject
Project("{FAE04EC0-301F-11D3-BF4B-00C04F79EFBC}") = "GoogleHomePageWebScraper.Test.Unit", "GoogleHomePageWebScraper.Test.Unit\GoogleHomePageWebScraper.Test.Unit.csproj", "{A84BE33D-A5FC-41C0-9637-5A0E2E185155}"
EndProject
Global
	GlobalSection(SolutionConfigurationPlatforms) = preSolution
		Debug|Any CPU = Debug|Any CPU
		Release|Any CPU = Release|Any CPU
	EndGlobalSection
	GlobalSection(ProjectConfigurationPlatforms) = postSolution
		{4313C03F-E7C0-4F6A-A276-88E81A6F2D72}.Debug|Any CPU.ActiveCfg = Debug|Any CPU
		{4313C03F-E7C0-4F6A-A276-88E81A6F2D72}.Debug|Any CPU.Build.0 = Debug|Any CPU
		{4313C03F-E7C0-4F6A-A276-88E81A6F2D72}.Release|Any CPU.ActiveCfg = Release|Any CPU
		{4313C03F-E7C0-4F6A-A276-88E81A6F2D72}.Release|Any CPU.Build.0 = Release|Any CPU
		{A84BE33D-A5FC-41C0-9637-5A0E2E185155}.Debug|Any CPU.ActiveCfg = Debug|Any CPU
		{A84BE33D-A5FC-41C0-9637-5A0E2E185155}.Debug|Any CPU.Build.0 = Debug|Any CPU
		{A84BE33D-A5FC-41C0-9637-5A0E2E185155}.Release|Any CPU.ActiveCfg = Release|Any CPU
		{A84BE33D-A5FC-41C0-9637-5A0E2E185155}.Release|Any CPU.Build.0 = Release|Any CPU
	EndGlobalSection
	GlobalSection(SolutionProperties) = preSolution
		HideSolutionNode = FALSE
	EndGlobalSection
	GlobalSection(ExtensibilityGlobals) = postSolution
		SolutionGuid = {80D900FD-AEB4-41CD-B4F5-B3954B756EAB}
	EndGlobalSection
EndGlobal
